schema: '2.0'
stages:
  preprocess:
    cmd: python src/preprocess.py
    deps:
    - path: data/raw/data.csv
      hash: md5
      md5: 739f3c9177b13d1c15aa060046cfb023
      size: 23872
    - path: src/preprocess.py
      hash: md5
      md5: d4ebd8c8fbf4a5374a464b6ccb415588
      size: 487
    params:
      params.yaml:
        preprocess.input: data/raw/data.csv
        preprocess.output: data/processed/data.csv
    outs:
    - path: data/processed/data.csv
      hash: md5
      md5: 40c8685fe8743b4b196f3dd1a6fe50c6
      size: 23192
  train:
    cmd: python src/train.py
    deps:
    - path: data/raw/data.csv
      hash: md5
      md5: 739f3c9177b13d1c15aa060046cfb023
      size: 23872
    - path: src/train.py
      hash: md5
      md5: 760367b52f0e20647a56c2b2d2b376a2
      size: 3563
    params:
      params.yaml:
        train.data: data/raw/data.csv
        train.max_depth: 5
        train.model: models/model.pkl
        train.n_estimators: 100
        train.random_state: 42
    outs:
    - path: models/model.pkl
      hash: md5
      md5: 8fc8c6ddf0c2e457b0cdb308976d143a
      size: 831924
  evaluate:
    cmd: python src/evaluate.py
    deps:
    - path: data/raw/data.csv
      hash: md5
      md5: 739f3c9177b13d1c15aa060046cfb023
      size: 23872
    - path: models/model.pkl
      hash: md5
      md5: 8fc8c6ddf0c2e457b0cdb308976d143a
      size: 831924
    - path: src/evaluate.py
      hash: md5
      md5: 6856a8b36b2cf9afcfdd2cc05640c192
      size: 1133
